{
    "_meta": {
        "hash": {
            "sha256": "c7b1d8f8152378b98d5242d57bf79e4d2a9ef0fef6eda9bd488b60514108c96e"
        },
        "pipfile-spec": 6,
        "requires": {},
        "sources": [
            {
                "name": "pypi",
                "url": "https://pypi.org/simple",
                "verify_ssl": true
            }
        ]
    },
    "default": {
        "appdirs": {
            "hashes": [
                "sha256:7d5d0167b2b1ba821647616af46a749d1c653740dd0d2415100fe26e27afdf41",
                "sha256:a841dacd6b99318a741b166adb07e19ee71a274450e68237b4650ca1055ab128"
            ],
            "version": "==1.4.4"
        },
        "asn1crypto": {
            "hashes": [
                "sha256:2c9eb1b1635425bcadf94749bbcd83bfa8b0a912661bad6106466521d484d62b",
                "sha256:ccbaa8c9c80fb8c10146d52d8c17bc1c13e04c17c0dabe8d636a7be2e3c51df8"
            ],
            "index": "pypi",
            "version": "==1.5.0"
        },
        "attrs": {
            "hashes": [
                "sha256:2d27e3784d7a565d36ab851fe94887c5eccd6a463168875832a1be79c82828b4",
                "sha256:626ba8234211db98e869df76230a137c4c40a12d72445c45d5f5b716f076e2fd"
            ],
            "markers": "python_version >= '2.7' and python_version not in '3.0, 3.1, 3.2, 3.3, 3.4'",
            "version": "==21.4.0"
        },
        "baron": {
            "hashes": [
                "sha256:af822ad44d4eb425c8516df4239ac4fdba9fdb398ef77e4924cd7c9b4045bc2f",
                "sha256:befb33f4b9e832c7cd1e3cf0eafa6dd3cb6ed4cb2544245147c019936f4e0a8a"
            ],
            "version": "==0.10.1"
        },
        "base45": {
            "hashes": [
                "sha256:9152ff9b50eb3c6403aeafbf4d8db50d6295c40bb58f1577ddaf8b474151c388",
                "sha256:e03fe8d3ca01a0ffc411dd25c546d5ef4566634f51a43d6108d42437e35f20ed"
            ],
            "index": "pypi",
            "version": "==0.4.3"
        },
        "cbor2": {
            "hashes": [
                "sha256:1621f53af3b8016c991f9e27123efae54006cf57c321693f234fec9636c55d6b",
                "sha256:1c924fefd4fc7419a87463186c0c0ffc65c88635e813e02eff98751c49e43ab0",
                "sha256:1e4f694b135688d6126988af602409e1d94dcdefbb7b242b56ba3a09779930fb",
                "sha256:21a8778a92fae2fa713dfee2dc781fce64bc8fcb2e085368eff3a0b3434f83c7",
                "sha256:231cba333cbac0e8912042f04e78b3f8eacde8ee08777e197f10f7a2e42c43af",
                "sha256:53239908e4e80395dada750f612536dab9d4f09b9a419479b4d69e1e2419656f",
                "sha256:565fe95a720b2e999cb56d19d1d309097930144f0c85eed34a058c14cf3ac897",
                "sha256:566b6f85fd8caf85b34b75dd7056dd0ae076334af4def0e27da805c10f941ae1",
                "sha256:6930fe3f83d5f4d9f83baf9a225651591e2f97ae04579bac6598c9520f71bbcc",
                "sha256:75621aaa144e5f51bea3a1c753bad11ed7f3669a086222d09975953b5df6b0bf",
                "sha256:7c2a4336becc4021777df04371f119d74cf83befb604fb4e62cfb2d50dac9fbd",
                "sha256:85c048f5fc170b619127c0eb2dcc7bc832e982e3cefbaec19c028afe0d231864",
                "sha256:8b0455854dc53d816518ec5c117bf159b8d23d178ff8f655e3290192878264d5",
                "sha256:92126b8fb5b20aa7167a5c0a84bb9562f54004af06ef601d05897dcad8a926f0",
                "sha256:92e40496c33de912f16f275b88e063073343b39faa63a6d10deb6fdf5127ae44",
                "sha256:9c5e01b12a2f9172d31e096d65c1965a5b3b95bdb1ca91feb89741e6ce6a533a",
                "sha256:9cf21d59604b9529d7877c8e0342a2ebaae1a07fe8ff5683dc75fec15847c797",
                "sha256:a54b9cfe5ddfc7d1199d2a9e37e799c0c2b01385ce837b80feaeaf912d4797f2",
                "sha256:c55b683d2e84df1da6db527faac12a9b2b844a80c0a7864088c1aaf07e4ad1d4",
                "sha256:d140b20b0bcbdfa80a910c6832aaa13f870b7045e39f8d9b5b652ef87ce3eac5",
                "sha256:e497c91bf107490503c1d834a04ccfc849d8b0b36ff8ee1598f10712864a4c87"
            ],
            "markers": "python_version >= '3.6'",
            "version": "==5.4.2.post1"
        },
        "certifi": {
            "hashes": [
                "sha256:78884e7c1d4b00ce3cea67b44566851c4343c120abd683433ce934a68ea58872",
                "sha256:d62a0163eb4c2344ac042ab2bdf75399a71a2d8c7d47eac2e2ee91b9d6339569"
            ],
            "version": "==2021.10.8"
        },
        "certvalidator": {
            "hashes": [
                "sha256:77520b269f516d4fb0902998d5bd0eb3727fe153b659aa1cb828dcf12ea6b8de",
                "sha256:922d141c94393ab285ca34338e18dd4093e3ae330b1f278e96c837cb62cffaad"
            ],
            "version": "==0.11.1"
        },
        "cffi": {
            "hashes": [
                "sha256:00c878c90cb53ccfaae6b8bc18ad05d2036553e6d9d1d9dbcf323bbe83854ca3",
                "sha256:0104fb5ae2391d46a4cb082abdd5c69ea4eab79d8d44eaaf79f1b1fd806ee4c2",
                "sha256:06c48159c1abed75c2e721b1715c379fa3200c7784271b3c46df01383b593636",
                "sha256:0808014eb713677ec1292301ea4c81ad277b6cdf2fdd90fd540af98c0b101d20",
                "sha256:10dffb601ccfb65262a27233ac273d552ddc4d8ae1bf93b21c94b8511bffe728",
                "sha256:14cd121ea63ecdae71efa69c15c5543a4b5fbcd0bbe2aad864baca0063cecf27",
                "sha256:17771976e82e9f94976180f76468546834d22a7cc404b17c22df2a2c81db0c66",
                "sha256:181dee03b1170ff1969489acf1c26533710231c58f95534e3edac87fff06c443",
                "sha256:23cfe892bd5dd8941608f93348c0737e369e51c100d03718f108bf1add7bd6d0",
                "sha256:263cc3d821c4ab2213cbe8cd8b355a7f72a8324577dc865ef98487c1aeee2bc7",
                "sha256:2756c88cbb94231c7a147402476be2c4df2f6078099a6f4a480d239a8817ae39",
                "sha256:27c219baf94952ae9d50ec19651a687b826792055353d07648a5695413e0c605",
                "sha256:2a23af14f408d53d5e6cd4e3d9a24ff9e05906ad574822a10563efcef137979a",
                "sha256:31fb708d9d7c3f49a60f04cf5b119aeefe5644daba1cd2a0fe389b674fd1de37",
                "sha256:3415c89f9204ee60cd09b235810be700e993e343a408693e80ce7f6a40108029",
                "sha256:3773c4d81e6e818df2efbc7dd77325ca0dcb688116050fb2b3011218eda36139",
                "sha256:3b96a311ac60a3f6be21d2572e46ce67f09abcf4d09344c49274eb9e0bf345fc",
                "sha256:3f7d084648d77af029acb79a0ff49a0ad7e9d09057a9bf46596dac9514dc07df",
                "sha256:41d45de54cd277a7878919867c0f08b0cf817605e4eb94093e7516505d3c8d14",
                "sha256:4238e6dab5d6a8ba812de994bbb0a79bddbdf80994e4ce802b6f6f3142fcc880",
                "sha256:45db3a33139e9c8f7c09234b5784a5e33d31fd6907800b316decad50af323ff2",
                "sha256:45e8636704eacc432a206ac7345a5d3d2c62d95a507ec70d62f23cd91770482a",
                "sha256:4958391dbd6249d7ad855b9ca88fae690783a6be9e86df65865058ed81fc860e",
                "sha256:4a306fa632e8f0928956a41fa8e1d6243c71e7eb59ffbd165fc0b41e316b2474",
                "sha256:57e9ac9ccc3101fac9d6014fba037473e4358ef4e89f8e181f8951a2c0162024",
                "sha256:59888172256cac5629e60e72e86598027aca6bf01fa2465bdb676d37636573e8",
                "sha256:5e069f72d497312b24fcc02073d70cb989045d1c91cbd53979366077959933e0",
                "sha256:64d4ec9f448dfe041705426000cc13e34e6e5bb13736e9fd62e34a0b0c41566e",
                "sha256:6dc2737a3674b3e344847c8686cf29e500584ccad76204efea14f451d4cc669a",
                "sha256:74fdfdbfdc48d3f47148976f49fab3251e550a8720bebc99bf1483f5bfb5db3e",
                "sha256:75e4024375654472cc27e91cbe9eaa08567f7fbdf822638be2814ce059f58032",
                "sha256:786902fb9ba7433aae840e0ed609f45c7bcd4e225ebb9c753aa39725bb3e6ad6",
                "sha256:8b6c2ea03845c9f501ed1313e78de148cd3f6cad741a75d43a29b43da27f2e1e",
                "sha256:91d77d2a782be4274da750752bb1650a97bfd8f291022b379bb8e01c66b4e96b",
                "sha256:91ec59c33514b7c7559a6acda53bbfe1b283949c34fe7440bcf917f96ac0723e",
                "sha256:920f0d66a896c2d99f0adbb391f990a84091179542c205fa53ce5787aff87954",
                "sha256:a5263e363c27b653a90078143adb3d076c1a748ec9ecc78ea2fb916f9b861962",
                "sha256:abb9a20a72ac4e0fdb50dae135ba5e77880518e742077ced47eb1499e29a443c",
                "sha256:c2051981a968d7de9dd2d7b87bcb9c939c74a34626a6e2f8181455dd49ed69e4",
                "sha256:c21c9e3896c23007803a875460fb786118f0cdd4434359577ea25eb556e34c55",
                "sha256:c2502a1a03b6312837279c8c1bd3ebedf6c12c4228ddbad40912d671ccc8a962",
                "sha256:d4d692a89c5cf08a8557fdeb329b82e7bf609aadfaed6c0d79f5a449a3c7c023",
                "sha256:da5db4e883f1ce37f55c667e5c0de439df76ac4cb55964655906306918e7363c",
                "sha256:e7022a66d9b55e93e1a845d8c9eba2a1bebd4966cd8bfc25d9cd07d515b33fa6",
                "sha256:ef1f279350da2c586a69d32fc8733092fd32cc8ac95139a00377841f59a3f8d8",
                "sha256:f54a64f8b0c8ff0b64d18aa76675262e1700f3995182267998c31ae974fbc382",
                "sha256:f5c7150ad32ba43a07c4479f40241756145a1f03b43480e058cfd862bf5041c7",
                "sha256:f6f824dc3bce0edab5f427efcfb1d63ee75b6fcb7282900ccaf925be84efb0fc",
                "sha256:fd8a250edc26254fe5b33be00402e6d287f562b6a5b2152dec302fa15bb3e997",
                "sha256:ffaa5c925128e29efbde7301d8ecaf35c8c60ffbcd6a1ffd3a552177c8e5e796"
            ],
            "version": "==1.15.0"
        },
        "charset-normalizer": {
            "hashes": [
                "sha256:2857e29ff0d34db842cd7ca3230549d1a697f96ee6d3fb071cfa6c7393832597",
                "sha256:6881edbebdb17b39b4eaaa821b438bf6eddffb4468cf344f09f89def34a8b1df"
            ],
            "markers": "python_version >= '3'",
            "version": "==2.0.12"
        },
        "cose": {
            "hashes": [
                "sha256:c48d1edcf7fbc564f4f4ac9d0daa52378ea9d26216e5c4bf4b324883ae5ef880",
                "sha256:f1c3be98e50724e846e3a1d23efe19a150665a4f24917ac8bfbc8e5abb31ccb0"
            ],
            "index": "pypi",
            "version": "==0.9.dev8"
        },
        "cryptography": {
            "hashes": [
                "sha256:0a817b961b46894c5ca8a66b599c745b9a3d9f822725221f0e0fe49dc043a3a3",
                "sha256:2d87cdcb378d3cfed944dac30596da1968f88fb96d7fc34fdae30a99054b2e31",
                "sha256:30ee1eb3ebe1644d1c3f183d115a8c04e4e603ed6ce8e394ed39eea4a98469ac",
                "sha256:391432971a66cfaf94b21c24ab465a4cc3e8bf4a939c1ca5c3e3a6e0abebdbcf",
                "sha256:39bdf8e70eee6b1c7b289ec6e5d84d49a6bfa11f8b8646b5b3dfe41219153316",
                "sha256:4caa4b893d8fad33cf1964d3e51842cd78ba87401ab1d2e44556826df849a8ca",
                "sha256:53e5c1dc3d7a953de055d77bef2ff607ceef7a2aac0353b5d630ab67f7423638",
                "sha256:596f3cd67e1b950bc372c33f1a28a0692080625592ea6392987dba7f09f17a94",
                "sha256:5d59a9d55027a8b88fd9fd2826c4392bd487d74bf628bb9d39beecc62a644c12",
                "sha256:6c0c021f35b421ebf5976abf2daacc47e235f8b6082d3396a2fe3ccd537ab173",
                "sha256:73bc2d3f2444bcfeac67dd130ff2ea598ea5f20b40e36d19821b4df8c9c5037b",
                "sha256:74d6c7e80609c0f4c2434b97b80c7f8fdfaa072ca4baab7e239a15d6d70ed73a",
                "sha256:7be0eec337359c155df191d6ae00a5e8bbb63933883f4f5dffc439dac5348c3f",
                "sha256:94ae132f0e40fe48f310bba63f477f14a43116f05ddb69d6fa31e93f05848ae2",
                "sha256:bb5829d027ff82aa872d76158919045a7c1e91fbf241aec32cb07956e9ebd3c9",
                "sha256:ca238ceb7ba0bdf6ce88c1b74a87bffcee5afbfa1e41e173b1ceb095b39add46",
                "sha256:ca28641954f767f9822c24e927ad894d45d5a1e501767599647259cbf030b903",
                "sha256:e0344c14c9cb89e76eb6a060e67980c9e35b3f36691e15e1b7a9e58a0a6c6dc3",
                "sha256:ebc15b1c22e55c4d5566e3ca4db8689470a0ca2babef8e3a9ee057a8b82ce4b1",
                "sha256:ec63da4e7e4a5f924b90af42eddf20b698a70e58d86a72d943857c4c6045b3ee"
            ],
            "index": "pypi",
            "version": "==36.0.1"
        },
        "debugpy": {
            "hashes": [
                "sha256:01e98c594b3e66d529e40edf314f849cd1a21f7a013298df58cd8e263bf8e184",
                "sha256:16db27b4b91991442f91d73604d32080b30de655aca9ba821b1972ea8171021b",
                "sha256:17a25ce9d7714f92fc97ef00cc06269d7c2b163094990ada30156ed31d9a5030",
                "sha256:194f95dd3e84568b5489aab5689a3a2c044e8fdc06f1890b8b4f70b6b89f2778",
                "sha256:1ec3a086e14bba6c472632025b8fe5bdfbaef2afa1ebd5c6615ce6ed8d89bc67",
                "sha256:23df67fc56d59e386c342428a7953c2c06cc226d8525b11319153e96afb65b0c",
                "sha256:26fbe53cca45a608679094791ce587b6e2798acd1d4777a8b303b07622e85182",
                "sha256:2b073ad5e8d8c488fbb6a116986858bab0c9c4558f28deb8832c7a5a27405bd6",
                "sha256:318f81f37341e4e054b4267d39896b73cddb3612ca13b39d7eea45af65165e1d",
                "sha256:3a457ad9c0059a21a6c7d563c1f18e924f5cf90278c722bd50ede6f56b77c7fe",
                "sha256:4404a62fb5332ea5c8c9132290eef50b3a0ba38cecacad5529e969a783bcbdd7",
                "sha256:5d76a4fd028d8009c3faf1185b4b78ceb2273dd2499447664b03939e0368bb90",
                "sha256:70b422c63a833630c33e3f9cdbd9b6971f8c5afd452697e464339a21bbe862ba",
                "sha256:82f5f9ce93af6861a0713f804e62ab390bb12a17f113153e47fea8bbb1dfbe36",
                "sha256:a2aa64f6d2ca7ded8a7e8a4e7cae3bc71866b09876b7b05cecad231779cb9156",
                "sha256:b2df2c373e85871086bd55271c929670cd4e1dba63e94a08d442db830646203b",
                "sha256:b5b3157372e0e0a1297a8b6b5280bcf1d35a40f436c7973771c972726d1e32d5",
                "sha256:d2b09e91fbd1efa4f4fda121d49af89501beda50c18ed7499712c71a4bf3452e",
                "sha256:d876db8c312eeb02d85611e0f696abe66a2c1515e6405943609e725d5ff36f2a",
                "sha256:f3a3dca9104aa14fd4210edcce6d9ce2b65bd9618c0b222135a40b9d6e2a9eeb",
                "sha256:f73988422b17f071ad3c4383551ace1ba5ed810cbab5f9c362783d22d40a08dc"
            ],
            "markers": "python_version >= '2.7' and python_version not in '3.0, 3.1, 3.2, 3.3, 3.4'",
            "version": "==1.5.1"
        },
        "ecdsa": {
            "hashes": [
                "sha256:5cf31d5b33743abe0dfc28999036c849a69d548f994b535e527ee3cb7f3ef676",
                "sha256:b9f500bb439e4153d0330610f5d26baaf18d17b8ced1bc54410d189385ea68aa"
            ],
            "markers": "python_version >= '2.6' and python_version not in '3.0, 3.1, 3.2'",
            "version": "==0.17.0"
        },
        "getgauge": {
            "hashes": [
                "sha256:82809268507883f0c734b9d5d0498ad82902408bbe05c3a2793a4701907732aa"
            ],
            "index": "pypi",
            "version": "==0.3.15"
        },
        "grpcio": {
            "hashes": [
                "sha256:205eda06d8aeffc87a1e29ff1f090546adf0b6e766378cc4c13686534397fdb4",
                "sha256:20606ec7c265f81c5a0226f69842dc8dde66d921968ab9448e59d440cf98bebf",
                "sha256:25958bd7c6773e6de79781cc0d6f19d0c82332984dd07ef238889e93485d5afc",
                "sha256:2ea864ae3d3abc99d3988d1d27dee3f6350b60149ccf810a89cd9a9d02a675d6",
                "sha256:2f54046ca2a81ff45ec8f6d3d7447ad562adb067c3640c35354e440fd771b625",
                "sha256:2fd4a80f267aa258f5a74df5fe243eff80299a4f5b356c1da53f6f5793bbbf4b",
                "sha256:32ad56f6d3d7e699f9a0d62719f2de9092e79f444d875d70f58cf7f8bb19684c",
                "sha256:32fbc78d558d9468a4b16f79f4130daec8e431bc7a3b1775b0e98f09a7ab45a2",
                "sha256:43fafebcc2e81d012f7147a0ddf9be69864c40fc4edd9844937eba0020508297",
                "sha256:49da07ae43c552280b8b4c70617f9b589588404c2545d6eba2c55179b3d836af",
                "sha256:4a2c85cd4a67c36fe12535fe32eb336635843d1eb31d3fa301444e60a8df9c90",
                "sha256:50c4f10e7deff96d197bc6d1988c2a5a0bc6252bbd31d7fb374ce8923f937e7a",
                "sha256:57a30f9df0f5342e4dad384e7023b9f88742c325838da977828c37f49eb8940a",
                "sha256:5b105adb44486fb594b8d8142b5d4fbe50cb125c77ac7d270f5d0277ce5c554a",
                "sha256:5d8108b240fd5b8a0483f95ab2651fe2d633311faae93a12938ea06cf61a5efd",
                "sha256:5e8e6035d4f9ab856ab437e381e652b31dfd42443d2243d45bdf4b90adaf3559",
                "sha256:69127393fc3513da228bc3908914df2284923e0eacf8d73f21ad387317450317",
                "sha256:6fafdba42c26bbdf78948c09a93a8b3a8a509c66c6b4324bc1fb360bf4e82b9d",
                "sha256:72b6a89aabf937d706946230f5aa13bdf7d2a42874810fa54436c647577b543e",
                "sha256:843436e69c37eb45b0285fa42f7acc06d147f2e9c1d515b0f901e94d40107e79",
                "sha256:8d92e884f6d67b9a2a4514631d3c9836281044caedb5fd34d4ce2bbec138c87d",
                "sha256:923a3b18badc3749c4d715216934f62f46a818790e325ece6184d07e7d6c7f73",
                "sha256:924d5e8b18942ebea1260e60be7e2bde2a3587ea386190b442790f84180bf372",
                "sha256:9550b7c9d2f11579b484accc6183e02ebe33ce80a0ff15f5c28895df6b3d3108",
                "sha256:9579f22222ac89ceee64c1101cced6434d9f6b12078b43ece0f9d8ebdb657f73",
                "sha256:95de4ad9ae39590668e3330d414253f672aedd46cc107d7f71b4a2268f3d6066",
                "sha256:98b0b6e44c451093354a38b620e6e0df958b0710abd6a0ddd84da84424bce003",
                "sha256:a1024006fe61ee7e43e7099faf08f4508ea0c944a1558e8d715a5b4556937ace",
                "sha256:a403ed4d8fcc441a2c2ec9ede838b0ae5f9da996d950cf2ff9f82242b496e0a7",
                "sha256:bbd3522f821fb5d01049db214fb9f949a8b2d92761c2780a20ff73818efd5360",
                "sha256:bd7634f8c49c8467fec5fd9e0d1abb205b0aa61670ff0113ef835ca6548aad3d",
                "sha256:bda0f52eb1279a7119526df2ef33ea2808691120daf9effaf60ca0c07f76058a",
                "sha256:beef6be49ada569edf3b73fd4eb57d6c2af7e10c0c82a210dbe51de7c4a1ed53",
                "sha256:c88ce184973fe2035ffa176eb08cd492db090505e6b1ddc68b5cc1e0b01a07a0",
                "sha256:c89b6a3eca8eae10eea78896ccfdc9d04aa2f7b2ee96de20246e5c96494c68f5",
                "sha256:d16f7f5a10bf24640fa639974d409c220e587b3e2fa2620af00d43ba36dafc2c",
                "sha256:dc45f5750ce50f34f20a0607efae5c797d01681a44465b8287bebef1e9847d5b",
                "sha256:dea35dcf09aee91552cb4b3e250efdbcb79564b5b5517246bcbead8d5871e291",
                "sha256:dfa098a6ff8d1b68ed7bd655150ee91f57c29042c093ff51113176aded3f0071",
                "sha256:e238a554f29d90b0e7fca15e8119b9a7c5f88faacbf9b982751ad54d639b57f8",
                "sha256:e2ffa46db9103706640c74886ac23ed18d1487a8523cc128da239e1d5a4e3301",
                "sha256:e69ac6fc9096bbb43f5276655661db746233cd320808e0d302198eb43dc7bd04",
                "sha256:e95bda60c584b3deb5c37babb44d4300cf4bf3a6c43198a244ddcaddca3fde3a",
                "sha256:f2e4d64675351a058f9cb35fe390ca0956bd2926171bfb7c87596a1ee10ff6ba",
                "sha256:f98f746cacbaa681de0bcd90d7aa77b440e3e1327a9988f6a2b580d54e27d4c3",
                "sha256:fa834f4c70b9df83d5af610097747c224513d59af1f03e8c06bca9a7d81fd1a3"
            ],
            "version": "==1.34.0"
        },
        "idna": {
            "hashes": [
                "sha256:84d9dd047ffa80596e0f246e2eab0b391788b0503584e8945f2368256d2735ff",
                "sha256:9d643ff0a55b762d5cdb124b8eaa99c66322e2157b69160bc32796e824360e6d"
            ],
            "markers": "python_version >= '3'",
            "version": "==3.3"
        },
        "oscrypto": {
            "hashes": [
                "sha256:7d2cca6235d89d1af6eb9cfcd4d2c0cb405849868157b2f7b278beb644d48694",
                "sha256:988087e05b17df8bfcc7c5fac51f54595e46d3e4dffa7b3d15955cf61a633529"
            ],
            "version": "==1.2.1"
        },
        "protobuf": {
            "hashes": [
                "sha256:072fbc78d705d3edc7ccac58a62c4c8e0cec856987da7df8aca86e647be4e35c",
                "sha256:09297b7972da685ce269ec52af761743714996b4381c085205914c41fcab59fb",
                "sha256:16f519de1313f1b7139ad70772e7db515b1420d208cb16c6d7858ea989fc64a9",
                "sha256:1c91ef4110fdd2c590effb5dca8fdbdcb3bf563eece99287019c4204f53d81a4",
                "sha256:3112b58aac3bac9c8be2b60a9daf6b558ca3f7681c130dcdd788ade7c9ffbdca",
                "sha256:36cecbabbda242915529b8ff364f2263cd4de7c46bbe361418b5ed859677ba58",
                "sha256:4276cdec4447bd5015453e41bdc0c0c1234eda08420b7c9a18b8d647add51e4b",
                "sha256:435bb78b37fc386f9275a7035fe4fb1364484e38980d0dd91bc834a02c5ec909",
                "sha256:48ed3877fa43e22bcacc852ca76d4775741f9709dd9575881a373bd3e85e54b2",
                "sha256:54a1473077f3b616779ce31f477351a45b4fef8c9fd7892d6d87e287a38df368",
                "sha256:69da7d39e39942bd52848438462674c463e23963a1fdaa84d88df7fbd7e749b2",
                "sha256:6cbc312be5e71869d9d5ea25147cdf652a6781cf4d906497ca7690b7b9b5df13",
                "sha256:7bb03bc2873a2842e5ebb4801f5c7ff1bfbdf426f85d0172f7644fcda0671ae0",
                "sha256:7ca7da9c339ca8890d66958f5462beabd611eca6c958691a8fe6eccbd1eb0c6e",
                "sha256:835a9c949dc193953c319603b2961c5c8f4327957fe23d914ca80d982665e8ee",
                "sha256:84123274d982b9e248a143dadd1b9815049f4477dc783bf84efe6250eb4b836a",
                "sha256:8961c3a78ebfcd000920c9060a262f082f29838682b1f7201889300c1fbe0616",
                "sha256:96bd766831596d6014ca88d86dc8fe0fb2e428c0b02432fd9db3943202bf8c5e",
                "sha256:9df0c10adf3e83015ced42a9a7bd64e13d06c4cf45c340d2c63020ea04499d0a",
                "sha256:b38057450a0c566cbd04890a40edf916db890f2818e8682221611d78dc32ae26",
                "sha256:bd95d1dfb9c4f4563e6093a9aa19d9c186bf98fa54da5252531cc0d3a07977e7",
                "sha256:c1068287025f8ea025103e37d62ffd63fec8e9e636246b89c341aeda8a67c934",
                "sha256:c438268eebb8cf039552897d78f402d734a404f1360592fef55297285f7f953f",
                "sha256:cdc076c03381f5c1d9bb1abdcc5503d9ca8b53cf0a9d31a9f6754ec9e6c8af0f",
                "sha256:f358aa33e03b7a84e0d91270a4d4d8f5df6921abe99a377828839e8ed0c04e07",
                "sha256:f51d5a9f137f7a2cec2d326a74b6e3fc79d635d69ffe1b036d39fc7d75430d37"
            ],
            "markers": "python_version >= '3.5'",
            "version": "==3.19.4"
        },
        "pycparser": {
            "hashes": [
                "sha256:8ee45429555515e1f6b185e78100aea234072576aa43ab53aefcae078162fca9",
                "sha256:e644fdec12f7872f86c58ff790da456218b10f863970249516d60a5eaca77206"
            ],
            "version": "==2.21"
        },
        "pyjwt": {
            "hashes": [
                "sha256:b888b4d56f06f6dcd777210c334e69c737be74755d3e5e9ee3fe67dc18a0ee41",
                "sha256:e0c4bb8d9f0af0c7f5b1ec4c5036309617d03d56932877f2f7a0beeb5318322f"
            ],
            "index": "pypi",
            "version": "==2.3.0"
        },
        "redbaron": {
            "hashes": [
                "sha256:472d0739ca6b2240bb2278ae428604a75472c9c12e86c6321e8c016139c0132f",
                "sha256:d01032b6a848b5521a8d6ef72486315c2880f420956870cdd742e2b5a09b9bab"
            ],
            "version": "==0.9.2"
        },
        "requests": {
            "hashes": [
                "sha256:68d7c56fd5a8999887728ef304a6d12edc7be74f1cfa47714fc8b414525c9a61",
                "sha256:f22fa1e554c9ddfd16e6e41ac79759e17be9e492b3587efa038054674760e72d"
            ],
            "index": "pypi",
            "version": "==2.27.1"
        },
        "rply": {
            "hashes": [
                "sha256:28ffd11d656c48aeb8c508eb382acd6a0bd906662624b34388751732a27807e7",
                "sha256:2a808ac25a4580a9991fc304d64434e299a8fc75760574492f242cbb5bb301c9"
            ],
            "version": "==0.7.8"
        },
        "six": {
            "hashes": [
                "sha256:1e61c37477a1626458e36f7b1d82aa5c9b094fa4802892072e49de9c60c4c926",
                "sha256:8abb2f1d86890a2dfb989f9a77cfcfd3e47c2a354b01111771326f8aa26e0254"
            ],
            "markers": "python_version >= '2.7' and python_version not in '3.0, 3.1, 3.2'",
            "version": "==1.16.0"
        },
        "urllib3": {
            "hashes": [
                "sha256:000ca7f471a233c2251c6c7023ee85305721bfdf18621ebff4fd17a8653427ed",
                "sha256:0e7c33d9a63e7ddfcb86780aac87befc2fbddf46c58dbb487e0855f7ceec283c"
            ],
            "markers": "python_version >= '2.7' and python_version not in '3.0, 3.1, 3.2, 3.3, 3.4' and python_version < '4.0'",
            "version": "==1.26.8"
        }
    },
    "develop": {}
}
